{
  "originHash" : "68c5c968079d9fc74ac032c30f082e9caf4666f1dbd78c11967a951213049dcf",
  "pins" : [
    {
      "identity" : "swiftutilities",
      "kind" : "remoteSourceControl",
      "location" : "https://github.com/muhiro12/SwiftUtilities",
      "state" : {
        "revision" : "5a2745ad478aeb10dddc6be7f3fc5942e563f474",
        "version" : "1.26.0"
      }
    }
  ],
  "version" : 3
}
